// !$*UTF8*$!
{
	archiveVersion = 1;
	classes = {
	};
	objectVersion = 46;
	objects = {

/* Begin PBXBuildFile section */
		5F2436401DDB288C00EF47D6 /* EnDetailViewController.swift in Sources */ = {isa = PBXBuildFile; fileRef = 5F24363F1DDB288C00EF47D6 /* EnDetailViewController.swift */; };
		5F4FADAE1DD41FCE00FC1C18 /* DetailViewController.swift in Sources */ = {isa = PBXBuildFile; fileRef = 5F4FADAD1DD41FCE00FC1C18 /* DetailViewController.swift */; };
		5FA160981DC98166006338EC /* AppDelegate.swift in Sources */ = {isa = PBXBuildFile; fileRef = 5FA160971DC98166006338EC /* AppDelegate.swift */; };
		5FA1609A1DC98166006338EC /* TopViewController.swift in Sources */ = {isa = PBXBuildFile; fileRef = 5FA160991DC98166006338EC /* TopViewController.swift */; };
		5FA1609D1DC98166006338EC /* Main.storyboard in Resources */ = {isa = PBXBuildFile; fileRef = 5FA1609B1DC98166006338EC /* Main.storyboard */; };
		5FA1609F1DC98166006338EC /* Assets.xcassets in Resources */ = {isa = PBXBuildFile; fileRef = 5FA1609E1DC98166006338EC /* Assets.xcassets */; };
		5FA160A21DC98166006338EC /* LaunchScreen.storyboard in Resources */ = {isa = PBXBuildFile; fileRef = 5FA160A01DC98166006338EC /* LaunchScreen.storyboard */; };
		5FA160AD1DC98166006338EC /* KashiawaseTests.swift in Sources */ = {isa = PBXBuildFile; fileRef = 5FA160AC1DC98166006338EC /* KashiawaseTests.swift */; };
		5FA160B81DC98166006338EC /* KashiawaseUITests.swift in Sources */ = {isa = PBXBuildFile; fileRef = 5FA160B71DC98166006338EC /* KashiawaseUITests.swift */; };
		5FA160C71DC9817E006338EC /* Localizable.strings in Resources */ = {isa = PBXBuildFile; fileRef = 5FA160C91DC9817E006338EC /* Localizable.strings */; };
		5FA2CBC11DD99BF300DDD19A /* libsqlite3.tbd in Frameworks */ = {isa = PBXBuildFile; fileRef = 5FA2CBC01DD99BF300DDD19A /* libsqlite3.tbd */; };
		5FA2CBC31DD99C0200DDD19A /* SwiftData.swift in Sources */ = {isa = PBXBuildFile; fileRef = 5FA2CBC21DD99C0200DDD19A /* SwiftData.swift */; };
		5FA2CBC61DD9A3CE00DDD19A /* StringExtensions.swift in Sources */ = {isa = PBXBuildFile; fileRef = 5FA2CBC51DD9A3CE00DDD19A /* StringExtensions.swift */; };
		5FA4EF121DD8AF4B0085A6D7 /* card.swift in Sources */ = {isa = PBXBuildFile; fileRef = 5FA4EF111DD8AF4B0085A6D7 /* card.swift */; };
		5FAD5EDB1DD9430600277728 /* dataBase.swift in Sources */ = {isa = PBXBuildFile; fileRef = 5FAD5EDA1DD9430600277728 /* dataBase.swift */; };
		5FB65DF01DD2B9F900418E2B /* ListViewController.swift in Sources */ = {isa = PBXBuildFile; fileRef = 5FB65DEF1DD2B9F900418E2B /* ListViewController.swift */; };
		5FC633771DDAA17600C5100A /* あんみつ.png in Resources */ = {isa = PBXBuildFile; fileRef = 5FC633761DDAA17600C5100A /* あんみつ.png */; };
		5FC633791DDAC2B500C5100A /* あんみつmin.png in Resources */ = {isa = PBXBuildFile; fileRef = 5FC633781DDAC2B500C5100A /* あんみつmin.png */; };
		5FC6337B1DDADE7800C5100A /* JpnDetailViewController.swift in Sources */ = {isa = PBXBuildFile; fileRef = 5FC6337A1DDADE7800C5100A /* JpnDetailViewController.swift */; };
		5FF08AE31DC9BDD60024AE3A /* logo.png in Resources */ = {isa = PBXBuildFile; fileRef = 5FF08AE21DC9BDD60024AE3A /* logo.png */; };
/* End PBXBuildFile section */

/* Begin PBXContainerItemProxy section */
		5FA160A91DC98166006338EC /* PBXContainerItemProxy */ = {
			isa = PBXContainerItemProxy;
			containerPortal = 5FA1608C1DC98166006338EC /* Project object */;
			proxyType = 1;
			remoteGlobalIDString = 5FA160931DC98166006338EC;
			remoteInfo = Kashiawase;
		};
		5FA160B41DC98166006338EC /* PBXContainerItemProxy */ = {
			isa = PBXContainerItemProxy;
			containerPortal = 5FA1608C1DC98166006338EC /* Project object */;
			proxyType = 1;
			remoteGlobalIDString = 5FA160931DC98166006338EC;
			remoteInfo = Kashiawase;
		};
/* End PBXContainerItemProxy section */

/* Begin PBXFileReference section */
		5F24363F1DDB288C00EF47D6 /* EnDetailViewController.swift */ = {isa = PBXFileReference; fileEncoding = 4; lastKnownFileType = sourcecode.swift; path = EnDetailViewController.swift; sourceTree = "<group>"; };
		5F4FADAD1DD41FCE00FC1C18 /* DetailViewController.swift */ = {isa = PBXFileReference; fileEncoding = 4; lastKnownFileType = sourcecode.swift; path = DetailViewController.swift; sourceTree = "<group>"; };
		5FA160941DC98166006338EC /* Kashiawase.app */ = {isa = PBXFileReference; explicitFileType = wrapper.application; includeInIndex = 0; path = Kashiawase.app; sourceTree = BUILT_PRODUCTS_DIR; };
		5FA160971DC98166006338EC /* AppDelegate.swift */ = {isa = PBXFileReference; lastKnownFileType = sourcecode.swift; path = AppDelegate.swift; sourceTree = "<group>"; };
		5FA160991DC98166006338EC /* TopViewController.swift */ = {isa = PBXFileReference; lastKnownFileType = sourcecode.swift; path = TopViewController.swift; sourceTree = "<group>"; };
		5FA1609C1DC98166006338EC /* Base */ = {isa = PBXFileReference; lastKnownFileType = file.storyboard; name = Base; path = Base.lproj/Main.storyboard; sourceTree = "<group>"; };
		5FA1609E1DC98166006338EC /* Assets.xcassets */ = {isa = PBXFileReference; lastKnownFileType = folder.assetcatalog; path = Assets.xcassets; sourceTree = "<group>"; };
		5FA160A11DC98166006338EC /* Base */ = {isa = PBXFileReference; lastKnownFileType = file.storyboard; name = Base; path = Base.lproj/LaunchScreen.storyboard; sourceTree = "<group>"; };
		5FA160A31DC98166006338EC /* Info.plist */ = {isa = PBXFileReference; lastKnownFileType = text.plist.xml; path = Info.plist; sourceTree = "<group>"; };
		5FA160A81DC98166006338EC /* KashiawaseTests.xctest */ = {isa = PBXFileReference; explicitFileType = wrapper.cfbundle; includeInIndex = 0; path = KashiawaseTests.xctest; sourceTree = BUILT_PRODUCTS_DIR; };
		5FA160AC1DC98166006338EC /* KashiawaseTests.swift */ = {isa = PBXFileReference; lastKnownFileType = sourcecode.swift; path = KashiawaseTests.swift; sourceTree = "<group>"; };
		5FA160AE1DC98166006338EC /* Info.plist */ = {isa = PBXFileReference; lastKnownFileType = text.plist.xml; path = Info.plist; sourceTree = "<group>"; };
		5FA160B31DC98166006338EC /* KashiawaseUITests.xctest */ = {isa = PBXFileReference; explicitFileType = wrapper.cfbundle; includeInIndex = 0; path = KashiawaseUITests.xctest; sourceTree = BUILT_PRODUCTS_DIR; };
		5FA160B71DC98166006338EC /* KashiawaseUITests.swift */ = {isa = PBXFileReference; lastKnownFileType = sourcecode.swift; path = KashiawaseUITests.swift; sourceTree = "<group>"; };
		5FA160B91DC98166006338EC /* Info.plist */ = {isa = PBXFileReference; lastKnownFileType = text.plist.xml; path = Info.plist; sourceTree = "<group>"; };
		5FA160C81DC9817E006338EC /* Base */ = {isa = PBXFileReference; lastKnownFileType = text.plist.strings; name = Base; path = Base.lproj/Localizable.strings; sourceTree = "<group>"; };
		5FA160CA1DC98190006338EC /* ja */ = {isa = PBXFileReference; lastKnownFileType = text.plist.strings; name = ja; path = ja.lproj/LaunchScreen.strings; sourceTree = "<group>"; };
		5FA2CBC01DD99BF300DDD19A /* libsqlite3.tbd */ = {isa = PBXFileReference; lastKnownFileType = "sourcecode.text-based-dylib-definition"; name = libsqlite3.tbd; path = usr/lib/libsqlite3.tbd; sourceTree = SDKROOT; };
		5FA2CBC21DD99C0200DDD19A /* SwiftData.swift */ = {isa = PBXFileReference; fileEncoding = 4; lastKnownFileType = sourcecode.swift; path = SwiftData.swift; sourceTree = "<group>"; };
		5FA2CBC41DD99D2C00DDD19A /* Briding-Header.h */ = {isa = PBXFileReference; lastKnownFileType = sourcecode.c.h; path = "Briding-Header.h"; sourceTree = "<group>"; };
		5FA2CBC51DD9A3CE00DDD19A /* StringExtensions.swift */ = {isa = PBXFileReference; fileEncoding = 4; lastKnownFileType = sourcecode.swift; path = StringExtensions.swift; sourceTree = "<group>"; };
		5FA4EF111DD8AF4B0085A6D7 /* card.swift */ = {isa = PBXFileReference; fileEncoding = 4; lastKnownFileType = sourcecode.swift; path = card.swift; sourceTree = "<group>"; };
		5FAD5EDA1DD9430600277728 /* dataBase.swift */ = {isa = PBXFileReference; fileEncoding = 4; lastKnownFileType = sourcecode.swift; path = dataBase.swift; sourceTree = "<group>"; };
		5FB65DEF1DD2B9F900418E2B /* ListViewController.swift */ = {isa = PBXFileReference; fileEncoding = 4; lastKnownFileType = sourcecode.swift; path = ListViewController.swift; sourceTree = "<group>"; };
		5FC633761DDAA17600C5100A /* あんみつ.png */ = {isa = PBXFileReference; lastKnownFileType = image.png; path = "あんみつ.png"; sourceTree = "<group>"; };
		5FC633781DDAC2B500C5100A /* あんみつmin.png */ = {isa = PBXFileReference; lastKnownFileType = image.png; path = "あんみつmin.png"; sourceTree = "<group>"; };
		5FC6337A1DDADE7800C5100A /* JpnDetailViewController.swift */ = {isa = PBXFileReference; fileEncoding = 4; lastKnownFileType = sourcecode.swift; path = JpnDetailViewController.swift; sourceTree = "<group>"; };
		5FF08AE21DC9BDD60024AE3A /* logo.png */ = {isa = PBXFileReference; lastKnownFileType = image.png; path = logo.png; sourceTree = "<group>"; };
/* End PBXFileReference section */

/* Begin PBXFrameworksBuildPhase section */
		5FA160911DC98166006338EC /* Frameworks */ = {
			isa = PBXFrameworksBuildPhase;
			buildActionMask = 2147483647;
			files = (
				5FA2CBC11DD99BF300DDD19A /* libsqlite3.tbd in Frameworks */,
			);
			runOnlyForDeploymentPostprocessing = 0;
		};
		5FA160A51DC98166006338EC /* Frameworks */ = {
			isa = PBXFrameworksBuildPhase;
			buildActionMask = 2147483647;
			files = (
			);
			runOnlyForDeploymentPostprocessing = 0;
		};
		5FA160B01DC98166006338EC /* Frameworks */ = {
			isa = PBXFrameworksBuildPhase;
			buildActionMask = 2147483647;
			files = (
			);
			runOnlyForDeploymentPostprocessing = 0;
		};
/* End PBXFrameworksBuildPhase section */

/* Begin PBXGroup section */
		5FA1608B1DC98166006338EC = {
			isa = PBXGroup;
			children = (
				5FA2CBC41DD99D2C00DDD19A /* Briding-Header.h */,
				5FA2CBC01DD99BF300DDD19A /* libsqlite3.tbd */,
				5FA2CBC21DD99C0200DDD19A /* SwiftData.swift */,
				5FA160961DC98166006338EC /* Kashiawase */,
				5FA160AB1DC98166006338EC /* KashiawaseTests */,
				5FA160B61DC98166006338EC /* KashiawaseUITests */,
				5FA160951DC98166006338EC /* Products */,
			);
			sourceTree = "<group>";
		};
		5FA160951DC98166006338EC /* Products */ = {
			isa = PBXGroup;
			children = (
				5FA160941DC98166006338EC /* Kashiawase.app */,
				5FA160A81DC98166006338EC /* KashiawaseTests.xctest */,
				5FA160B31DC98166006338EC /* KashiawaseUITests.xctest */,
			);
			name = Products;
			sourceTree = "<group>";
		};
		5FA160961DC98166006338EC /* Kashiawase */ = {
			isa = PBXGroup;
			children = (
				5FA2CBC51DD9A3CE00DDD19A /* StringExtensions.swift */,
				5FAD5EDA1DD9430600277728 /* dataBase.swift */,
				5FA160C91DC9817E006338EC /* Localizable.strings */,
				5FA160971DC98166006338EC /* AppDelegate.swift */,
				5FC633781DDAC2B500C5100A /* あんみつmin.png */,
				5FC633761DDAA17600C5100A /* あんみつ.png */,
				5FF08AE21DC9BDD60024AE3A /* logo.png */,
				5FA1609B1DC98166006338EC /* Main.storyboard */,
				5FA160991DC98166006338EC /* TopViewController.swift */,
				5FB65DEF1DD2B9F900418E2B /* ListViewController.swift */,
				5F4FADAD1DD41FCE00FC1C18 /* DetailViewController.swift */,
				5FC6337A1DDADE7800C5100A /* JpnDetailViewController.swift */,
				5F24363F1DDB288C00EF47D6 /* EnDetailViewController.swift */,
				5FA1609E1DC98166006338EC /* Assets.xcassets */,
				5FA4EF111DD8AF4B0085A6D7 /* card.swift */,
				5FA160A01DC98166006338EC /* LaunchScreen.storyboard */,
				5FA160A31DC98166006338EC /* Info.plist */,
			);
			path = Kashiawase;
			sourceTree = "<group>";
		};
		5FA160AB1DC98166006338EC /* KashiawaseTests */ = {
			isa = PBXGroup;
			children = (
				5FA160AC1DC98166006338EC /* KashiawaseTests.swift */,
				5FA160AE1DC98166006338EC /* Info.plist */,
			);
			path = KashiawaseTests;
			sourceTree = "<group>";
		};
		5FA160B61DC98166006338EC /* KashiawaseUITests */ = {
			isa = PBXGroup;
			children = (
				5FA160B71DC98166006338EC /* KashiawaseUITests.swift */,
				5FA160B91DC98166006338EC /* Info.plist */,
			);
			path = KashiawaseUITests;
			sourceTree = "<group>";
		};
/* End PBXGroup section */

/* Begin PBXNativeTarget section */
		5FA160931DC98166006338EC /* Kashiawase */ = {
			isa = PBXNativeTarget;
			buildConfigurationList = 5FA160BC1DC98166006338EC /* Build configuration list for PBXNativeTarget "Kashiawase" */;
			buildPhases = (
				5FA160901DC98166006338EC /* Sources */,
				5FA160911DC98166006338EC /* Frameworks */,
				5FA160921DC98166006338EC /* Resources */,
			);
			buildRules = (
			);
			dependencies = (
			);
			name = Kashiawase;
			productName = Kashiawase;
			productReference = 5FA160941DC98166006338EC /* Kashiawase.app */;
			productType = "com.apple.product-type.application";
		};
		5FA160A71DC98166006338EC /* KashiawaseTests */ = {
			isa = PBXNativeTarget;
			buildConfigurationList = 5FA160BF1DC98166006338EC /* Build configuration list for PBXNativeTarget "KashiawaseTests" */;
			buildPhases = (
				5FA160A41DC98166006338EC /* Sources */,
				5FA160A51DC98166006338EC /* Frameworks */,
				5FA160A61DC98166006338EC /* Resources */,
			);
			buildRules = (
			);
			dependencies = (
				5FA160AA1DC98166006338EC /* PBXTargetDependency */,
			);
			name = KashiawaseTests;
			productName = KashiawaseTests;
			productReference = 5FA160A81DC98166006338EC /* KashiawaseTests.xctest */;
			productType = "com.apple.product-type.bundle.unit-test";
		};
		5FA160B21DC98166006338EC /* KashiawaseUITests */ = {
			isa = PBXNativeTarget;
			buildConfigurationList = 5FA160C21DC98166006338EC /* Build configuration list for PBXNativeTarget "KashiawaseUITests" */;
			buildPhases = (
				5FA160AF1DC98166006338EC /* Sources */,
				5FA160B01DC98166006338EC /* Frameworks */,
				5FA160B11DC98166006338EC /* Resources */,
			);
			buildRules = (
			);
			dependencies = (
				5FA160B51DC98166006338EC /* PBXTargetDependency */,
			);
			name = KashiawaseUITests;
			productName = KashiawaseUITests;
			productReference = 5FA160B31DC98166006338EC /* KashiawaseUITests.xctest */;
			productType = "com.apple.product-type.bundle.ui-testing";
		};
/* End PBXNativeTarget section */

/* Begin PBXProject section */
		5FA1608C1DC98166006338EC /* Project object */ = {
			isa = PBXProject;
			attributes = {
				LastSwiftUpdateCheck = 0720;
				LastUpgradeCheck = 0720;
				ORGANIZATIONNAME = KamihiraProject;
				TargetAttributes = {
					5FA160931DC98166006338EC = {
						CreatedOnToolsVersion = 7.2.1;
					};
					5FA160A71DC98166006338EC = {
						CreatedOnToolsVersion = 7.2.1;
						TestTargetID = 5FA160931DC98166006338EC;
					};
					5FA160B21DC98166006338EC = {
						CreatedOnToolsVersion = 7.2.1;
						TestTargetID = 5FA160931DC98166006338EC;
					};
				};
			};
			buildConfigurationList = 5FA1608F1DC98166006338EC /* Build configuration list for PBXProject "Kashiawase" */;
			compatibilityVersion = "Xcode 3.2";
			developmentRegion = English;
			hasScannedForEncodings = 0;
			knownRegions = (
				en,
				Base,
			);
			mainGroup = 5FA1608B1DC98166006338EC;
			productRefGroup = 5FA160951DC98166006338EC /* Products */;
			projectDirPath = "";
			projectRoot = "";
			targets = (
				5FA160931DC98166006338EC /* Kashiawase */,
				5FA160A71DC98166006338EC /* KashiawaseTests */,
				5FA160B21DC98166006338EC /* KashiawaseUITests */,
			);
		};
/* End PBXProject section */

/* Begin PBXResourcesBuildPhase section */
		5FA160921DC98166006338EC /* Resources */ = {
			isa = PBXResourcesBuildPhase;
			buildActionMask = 2147483647;
			files = (
				5FA160A21DC98166006338EC /* LaunchScreen.storyboard in Resources */,
				5FA160C71DC9817E006338EC /* Localizable.strings in Resources */,
				5FA1609F1DC98166006338EC /* Assets.xcassets in Resources */,
				5FC633771DDAA17600C5100A /* あんみつ.png in Resources */,
				5FF08AE31DC9BDD60024AE3A /* logo.png in Resources */,
				5FC633791DDAC2B500C5100A /* あんみつmin.png in Resources */,
				5FA1609D1DC98166006338EC /* Main.storyboard in Resources */,
			);
			runOnlyForDeploymentPostprocessing = 0;
		};
		5FA160A61DC98166006338EC /* Resources */ = {
			isa = PBXResourcesBuildPhase;
			buildActionMask = 2147483647;
			files = (
			);
			runOnlyForDeploymentPostprocessing = 0;
		};
		5FA160B11DC98166006338EC /* Resources */ = {
			isa = PBXResourcesBuildPhase;
			buildActionMask = 2147483647;
			files = (
			);
			runOnlyForDeploymentPostprocessing = 0;
		};
/* End PBXResourcesBuildPhase section */

/* Begin PBXSourcesBuildPhase section */
		5FA160901DC98166006338EC /* Sources */ = {
			isa = PBXSourcesBuildPhase;
			buildActionMask = 2147483647;
			files = (
				5FA2CBC61DD9A3CE00DDD19A /* StringExtensions.swift in Sources */,
				5FA1609A1DC98166006338EC /* TopViewController.swift in Sources */,
				5FA160981DC98166006338EC /* AppDelegate.swift in Sources */,
				5FB65DF01DD2B9F900418E2B /* ListViewController.swift in Sources */,
				5F2436401DDB288C00EF47D6 /* EnDetailViewController.swift in Sources */,
				5FA4EF121DD8AF4B0085A6D7 /* card.swift in Sources */,
				5FAD5EDB1DD9430600277728 /* dataBase.swift in Sources */,
				5FC6337B1DDADE7800C5100A /* JpnDetailViewController.swift in Sources */,
				5FA2CBC31DD99C0200DDD19A /* SwiftData.swift in Sources */,
				5F4FADAE1DD41FCE00FC1C18 /* DetailViewController.swift in Sources */,
			);
			runOnlyForDeploymentPostprocessing = 0;
		};
		5FA160A41DC98166006338EC /* Sources */ = {
			isa = PBXSourcesBuildPhase;
			buildActionMask = 2147483647;
			files = (
				5FA160AD1DC98166006338EC /* KashiawaseTests.swift in Sources */,
			);
			runOnlyForDeploymentPostprocessing = 0;
		};
		5FA160AF1DC98166006338EC /* Sources */ = {
			isa = PBXSourcesBuildPhase;
			buildActionMask = 2147483647;
			files = (
				5FA160B81DC98166006338EC /* KashiawaseUITests.swift in Sources */,
			);
			runOnlyForDeploymentPostprocessing = 0;
		};
/* End PBXSourcesBuildPhase section */

/* Begin PBXTargetDependency section */
		5FA160AA1DC98166006338EC /* PBXTargetDependency */ = {
			isa = PBXTargetDependency;
			target = 5FA160931DC98166006338EC /* Kashiawase */;
			targetProxy = 5FA160A91DC98166006338EC /* PBXContainerItemProxy */;
		};
		5FA160B51DC98166006338EC /* PBXTargetDependency */ = {
			isa = PBXTargetDependency;
			target = 5FA160931DC98166006338EC /* Kashiawase */;
			targetProxy = 5FA160B41DC98166006338EC /* PBXContainerItemProxy */;
		};
/* End PBXTargetDependency section */

/* Begin PBXVariantGroup section */
		5FA1609B1DC98166006338EC /* Main.storyboard */ = {
			isa = PBXVariantGroup;
			children = (
				5FA1609C1DC98166006338EC /* Base */,
			);
			name = Main.storyboard;
			sourceTree = "<group>";
		};
		5FA160A01DC98166006338EC /* LaunchScreen.storyboard */ = {
			isa = PBXVariantGroup;
			children = (
				5FA160A11DC98166006338EC /* Base */,
				5FA160CA1DC98190006338EC /* ja */,
			);
			name = LaunchScreen.storyboard;
			sourceTree = "<group>";
		};
		5FA160C91DC9817E006338EC /* Localizable.strings */ = {
			isa = PBXVariantGroup;
			children = (
				5FA160C81DC9817E006338EC /* Base */,
			);
			name = Localizable.strings;
			path = ..;
			sourceTree = "<group>";
		};
/* End PBXVariantGroup section */

/* Begin XCBuildConfiguration section */
		5FA160BA1DC98166006338EC /* Debug */ = {
			isa = XCBuildConfiguration;
			buildSettings = {
				ALWAYS_SEARCH_USER_PATHS = NO;
				CLANG_CXX_LANGUAGE_STANDARD = "gnu++0x";
				CLANG_CXX_LIBRARY = "libc++";
				CLANG_ENABLE_MODULES = YES;
				CLANG_ENABLE_OBJC_ARC = YES;
				CLANG_WARN_BOOL_CONVERSION = YES;
				CLANG_WARN_CONSTANT_CONVERSION = YES;
				CLANG_WARN_DIRECT_OBJC_ISA_USAGE = YES_ERROR;
				CLANG_WARN_EMPTY_BODY = YES;
				CLANG_WARN_ENUM_CONVERSION = YES;
				CLANG_WARN_INT_CONVERSION = YES;
				CLANG_WARN_OBJC_ROOT_CLASS = YES_ERROR;
				CLANG_WARN_UNREACHABLE_CODE = YES;
				CLANG_WARN__DUPLICATE_METHOD_MATCH = YES;
				"CODE_SIGN_IDENTITY[sdk=iphoneos*]" = "iPhone Developer";
				COPY_PHASE_STRIP = NO;
				DEBUG_INFORMATION_FORMAT = dwarf;
				ENABLE_STRICT_OBJC_MSGSEND = YES;
				ENABLE_TESTABILITY = YES;
				GCC_C_LANGUAGE_STANDARD = gnu99;
				GCC_DYNAMIC_NO_PIC = NO;
				GCC_NO_COMMON_BLOCKS = YES;
				GCC_OPTIMIZATION_LEVEL = 0;
				GCC_PREPROCESSOR_DEFINITIONS = (
					"DEBUG=1",
					"$(inherited)",
				);
				GCC_WARN_64_TO_32_BIT_CONVERSION = YES;
				GCC_WARN_ABOUT_RETURN_TYPE = YES_ERROR;
				GCC_WARN_UNDECLARED_SELECTOR = YES;
				GCC_WARN_UNINITIALIZED_AUTOS = YES_AGGRESSIVE;
				GCC_WARN_UNUSED_FUNCTION = YES;
				GCC_WARN_UNUSED_VARIABLE = YES;
				IPHONEOS_DEPLOYMENT_TARGET = 9.2;
				MTL_ENABLE_DEBUG_INFO = YES;
				ONLY_ACTIVE_ARCH = YES;
				SDKROOT = iphoneos;
				SWIFT_OPTIMIZATION_LEVEL = "-Onone";
			};
			name = Debug;
		};
		5FA160BB1DC98166006338EC /* Release */ = {
			isa = XCBuildConfiguration;
			buildSettings = {
				ALWAYS_SEARCH_USER_PATHS = NO;
				CLANG_CXX_LANGUAGE_STANDARD = "gnu++0x";
				CLANG_CXX_LIBRARY = "libc++";
				CLANG_ENABLE_MODULES = YES;
				CLANG_ENABLE_OBJC_ARC = YES;
				CLANG_WARN_BOOL_CONVERSION = YES;
				CLANG_WARN_CONSTANT_CONVERSION = YES;
				CLANG_WARN_DIRECT_OBJC_ISA_USAGE = YES_ERROR;
				CLANG_WARN_EMPTY_BODY = YES;
				CLANG_WARN_ENUM_CONVERSION = YES;
				CLANG_WARN_INT_CONVERSION = YES;
				CLANG_WARN_OBJC_ROOT_CLASS = YES_ERROR;
				CLANG_WARN_UNREACHABLE_CODE = YES;
				CLANG_WARN__DUPLICATE_METHOD_MATCH = YES;
				"CODE_SIGN_IDENTITY[sdk=iphoneos*]" = "iPhone Developer";
				COPY_PHASE_STRIP = NO;
				DEBUG_INFORMATION_FORMAT = "dwarf-with-dsym";
				ENABLE_NS_ASSERTIONS = NO;
				ENABLE_STRICT_OBJC_MSGSEND = YES;
				GCC_C_LANGUAGE_STANDARD = gnu99;
				GCC_NO_COMMON_BLOCKS = YES;
				GCC_WARN_64_TO_32_BIT_CONVERSION = YES;
				GCC_WARN_ABOUT_RETURN_TYPE = YES_ERROR;
				GCC_WARN_UNDECLARED_SELECTOR = YES;
				GCC_WARN_UNINITIALIZED_AUTOS = YES_AGGRESSIVE;
				GCC_WARN_UNUSED_FUNCTION = YES;
				GCC_WARN_UNUSED_VARIABLE = YES;
				IPHONEOS_DEPLOYMENT_TARGET = 9.2;
				MTL_ENABLE_DEBUG_INFO = NO;
				SDKROOT = iphoneos;
				VALIDATE_PRODUCT = YES;
			};
			name = Release;
		};
		5FA160BD1DC98166006338EC /* Debug */ = {
			isa = XCBuildConfiguration;
			buildSettings = {
				ASSETCATALOG_COMPILER_APPICON_NAME = AppIcon;
				INFOPLIST_FILE = Kashiawase/Info.plist;
				LD_RUNPATH_SEARCH_PATHS = "$(inherited) @executable_path/Frameworks";
				PRODUCT_BUNDLE_IDENTIFIER = Sample.Kashiawase;
				PRODUCT_NAME = "$(TARGET_NAME)";
				SWIFT_OBJC_BRIDGING_HEADER = "Briding-Header.h";
			};
			name = Debug;
		};
		5FA160BE1DC98166006338EC /* Release */ = {
			isa = XCBuildConfiguration;
			buildSettings = {
				ASSETCATALOG_COMPILER_APPICON_NAME = AppIcon;
				INFOPLIST_FILE = Kashiawase/Info.plist;
				LD_RUNPATH_SEARCH_PATHS = "$(inherited) @executable_path/Frameworks";
				PRODUCT_BUNDLE_IDENTIFIER = Sample.Kashiawase;
				PRODUCT_NAME = "$(TARGET_NAME)";
				SWIFT_OBJC_BRIDGING_HEADER = "Briding-Header.h";
			};
			name = Release;
		};
		5FA160C01DC98166006338EC /* Debug */ = {
			isa = XCBuildConfiguration;
			buildSettings = {
				BUNDLE_LOADER = "$(TEST_HOST)";
				INFOPLIST_FILE = KashiawaseTests/Info.plist;
				LD_RUNPATH_SEARCH_PATHS = "$(inherited) @executable_path/Frameworks @loader_path/Frameworks";
				PRODUCT_BUNDLE_IDENTIFIER = Sample.KashiawaseTests;
				PRODUCT_NAME = "$(TARGET_NAME)";
				TEST_HOST = "$(BUILT_PRODUCTS_DIR)/Kashiawase.app/Kashiawase";
			};
			name = Debug;
		};
		5FA160C11DC98166006338EC /* Release */ = {
			isa = XCBuildConfiguration;
			buildSettings = {
				BUNDLE_LOADER = "$(TEST_HOST)";
				INFOPLIST_FILE = KashiawaseTests/Info.plist;
				LD_RUNPATH_SEARCH_PATHS = "$(inherited) @executable_path/Frameworks @loader_path/Frameworks";
				PRODUCT_BUNDLE_IDENTIFIER = Sample.KashiawaseTests;
				PRODUCT_NAME = "$(TARGET_NAME)";
				TEST_HOST = "$(BUILT_PRODUCTS_DIR)/Kashiawase.app/Kashiawase";
			};
			name = Release;
		};
		5FA160C31DC98166006338EC /* Debug */ = {
			isa = XCBuildConfiguration;
			buildSettings = {
				INFOPLIST_FILE = KashiawaseUITests/Info.plist;
				LD_RUNPATH_SEARCH_PATHS = "$(inherited) @executable_path/Frameworks @loader_path/Frameworks";
				PRODUCT_BUNDLE_IDENTIFIER = Sample.KashiawaseUITests;
				PRODUCT_NAME = "$(TARGET_NAME)";
				TEST_TARGET_NAME = Kashiawase;
				USES_XCTRUNNER = YES;
			};
			name = Debug;
		};
		5FA160C41DC98166006338EC /* Release */ = {
			isa = XCBuildConfiguration;
			buildSettings = {
				INFOPLIST_FILE = KashiawaseUITests/Info.plist;
				LD_RUNPATH_SEARCH_PATHS = "$(inherited) @executable_path/Frameworks @loader_path/Frameworks";
				PRODUCT_BUNDLE_IDENTIFIER = Sample.KashiawaseUITests;
				PRODUCT_NAME = "$(TARGET_NAME)";
				TEST_TARGET_NAME = Kashiawase;
				USES_XCTRUNNER = YES;
			};
			name = Release;
		};
/* End XCBuildConfiguration section */

/* Begin XCConfigurationList section */
		5FA1608F1DC98166006338EC /* Build configuration list for PBXProject "Kashiawase" */ = {
			isa = XCConfigurationList;
			buildConfigurations = (
				5FA160BA1DC98166006338EC /* Debug */,
				5FA160BB1DC98166006338EC /* Release */,
			);
			defaultConfigurationIsVisible = 0;
			defaultConfigurationName = Release;
		};
		5FA160BC1DC98166006338EC /* Build configuration list for PBXNativeTarget "Kashiawase" */ = {
			isa = XCConfigurationList;
			buildConfigurations = (
				5FA160BD1DC98166006338EC /* Debug */,
				5FA160BE1DC98166006338EC /* Release */,
			);
			defaultConfigurationIsVisible = 0;
			defaultConfigurationName = Release;
		};
		5FA160BF1DC98166006338EC /* Build configuration list for PBXNativeTarget "KashiawaseTests" */ = {
			isa = XCConfigurationList;
			buildConfigurations = (
				5FA160C01DC98166006338EC /* Debug */,
				5FA160C11DC98166006338EC /* Release */,
			);
			defaultConfigurationIsVisible = 0;
			defaultConfigurationName = Release;
		};
		5FA160C21DC98166006338EC /* Build configuration list for PBXNativeTarget "KashiawaseUITests" */ = {
			isa = XCConfigurationList;
			buildConfigurations = (
				5FA160C31DC98166006338EC /* Debug */,
				5FA160C41DC98166006338EC /* Release */,
			);
			defaultConfigurationIsVisible = 0;
			defaultConfigurationName = Release;
		};
/* End XCConfigurationList section */
	};
	rootObject = 5FA1608C1DC98166006338EC /* Project object */;
}
